
Microsoft Visual Studio Solution File, Format Version 12.00
# Visual Studio Version 16
VisualStudioVersion = 16.0.31729.503
MinimumVisualStudioVersion = 10.0.40219.1
Project("{9A19103F-16F7-4668-BE54-9A1E7A4F7556}") = "InsuranceNumber", "InsuranceNumber\InsuranceNumber.csproj", "{6628616A-F4CA-46B2-AC76-040CDC73296B}"
EndProject
Project("{FAE04EC0-301F-11D3-BF4B-00C04F79EFBC}") = "InsuranceNumber.Tests", "InsuranceNumber.Tests\InsuranceNumber.Tests.csproj", "{60A54FBC-F1D3-46EF-8D46-BEACCCCF5010}"
EndProject
Project("{FAE04EC0-301F-11D3-BF4B-00C04F79EFBC}") = "InsuranceNumber.Validation", "InsuranceNumber.Validation\InsuranceNumber.Validation.csproj", "{AF2688E3-8CBE-46DE-B982-C3B403D8EB0F}"
EndProject
Global
	GlobalSection(SolutionConfigurationPlatforms) = preSolution
		Debug|Any CPU = Debug|Any CPU
		Release|Any CPU = Release|Any CPU
	EndGlobalSection
	GlobalSection(ProjectConfigurationPlatforms) = postSolution
		{6628616A-F4CA-46B2-AC76-040CDC73296B}.Debug|Any CPU.ActiveCfg = Debug|Any CPU
		{6628616A-F4CA-46B2-AC76-040CDC73296B}.Debug|Any CPU.Build.0 = Debug|Any CPU
		{6628616A-F4CA-46B2-AC76-040CDC73296B}.Release|Any CPU.ActiveCfg = Release|Any CPU
		{6628616A-F4CA-46B2-AC76-040CDC73296B}.Release|Any CPU.Build.0 = Release|Any CPU
		{60A54FBC-F1D3-46EF-8D46-BEACCCCF5010}.Debug|Any CPU.ActiveCfg = Debug|Any CPU
		{60A54FBC-F1D3-46EF-8D46-BEACCCCF5010}.Debug|Any CPU.Build.0 = Debug|Any CPU
		{60A54FBC-F1D3-46EF-8D46-BEACCCCF5010}.Release|Any CPU.ActiveCfg = Release|Any CPU
		{60A54FBC-F1D3-46EF-8D46-BEACCCCF5010}.Release|Any CPU.Build.0 = Release|Any CPU
		{AF2688E3-8CBE-46DE-B982-C3B403D8EB0F}.Debug|Any CPU.ActiveCfg = Debug|Any CPU
		{AF2688E3-8CBE-46DE-B982-C3B403D8EB0F}.Debug|Any CPU.Build.0 = Debug|Any CPU
		{AF2688E3-8CBE-46DE-B982-C3B403D8EB0F}.Release|Any CPU.ActiveCfg = Release|Any CPU
		{AF2688E3-8CBE-46DE-B982-C3B403D8EB0F}.Release|Any CPU.Build.0 = Release|Any CPU
	EndGlobalSection
	GlobalSection(SolutionProperties) = preSolution
		HideSolutionNode = FALSE
	EndGlobalSection
	GlobalSection(ExtensibilityGlobals) = postSolution
		SolutionGuid = {D90DB1F7-3230-489B-902A-CA33723B9E47}
	EndGlobalSection
EndGlobal
